# This file is autogenerated, do not edit; changes may be undone by the next 'dep ensure'.


[[projects]]
  name = "cloud.google.com/go"
  packages = ["compute/metadata"]
  revision = "777200caa7fb8936aed0f12b1fd79af64cc83ec9"
  version = "v0.24.0"

[[projects]]
  name = "github.com/pkg/errors"
  packages = ["."]
  revision = "645ef00459ed84a119197bfb8d8205042c6df63d"
  version = "v0.8.0"

[[projects]]
  branch = "master"
  name = "golang.org/x/net"
  packages = [
    "context",
    "context/ctxhttp"
  ]
  revision = "ed29d75add3d7c4bf7ca65aac0c6df3d1420216f"

[solve-meta]
  analyzer-name = "dep"
  analyzer-version = 1
  inputs-digest = "1420685cb37c4017006e422f9d35933451f8a9fe8898cb2e99bceb6356ac7cc8"
  solver-name = "gps-cdcl"
  solver-version = 1
