cloud.google.com/go v0.24.0 h1:dXbX9JusOVTZ7hxXPTN2SMJzIzO/IT8kbnWlXiSrDRI=
cloud.google.com/go v0.24.0/go.mod h1:aQUYkXzVsufM+DwF1aE+0xfcU+56JwCaLick0ClmMTw=
golang.org/x/net v0.0.0-20180702195525-87b3feba568e h1:PvgwG2l3oUCGQkurQOEN9SOYsvw3p2WBc2puPBUy5P0=
golang.org/x/net v0.0.0-20180702195525-87b3feba568e/go.mod h1:mL1N/T3taQHkDXs73rZJwtUhF3w3ftmwwsq0BUmARs4=
